
Microsoft Visual Studio Solution File, Format Version 12.00
Project("{FAE04EC0-301F-11D3-BF4B-00C04F79EFBC}") = "BalancedBooks-API", "BalancedBooks-API.csproj", "{092DB686-44FD-428F-9FD9-A9979F161E6F}"
EndProject
Global
	GlobalSection(SolutionConfigurationPlatforms) = preSolution
		Debug|Any CPU = Debug|Any CPU
		Release|Any CPU = Release|Any CPU
	EndGlobalSection
	GlobalSection(ProjectConfigurationPlatforms) = postSolution
		{092DB686-44FD-428F-9FD9-A9979F161E6F}.Debug|Any CPU.ActiveCfg = Debug|Any CPU
		{092DB686-44FD-428F-9FD9-A9979F161E6F}.Debug|Any CPU.Build.0 = Debug|Any CPU
		{092DB686-44FD-428F-9FD9-A9979F161E6F}.Release|Any CPU.ActiveCfg = Release|Any CPU
		{092DB686-44FD-428F-9FD9-A9979F161E6F}.Release|Any CPU.Build.0 = Release|Any CPU
	EndGlobalSection
EndGlobal
